
Microsoft Visual Studio Solution File, Format Version 12.00
# Visual Studio Version 16
VisualStudioVersion = 16.0.32929.386
MinimumVisualStudioVersion = 10.0.40219.1
Project("{FAE04EC0-301F-11D3-BF4B-00C04F79EFBC}") = "git hub", "git hub\git hub.csproj", "{B533E580-E382-46BA-922E-988D3B6ED954}"
EndProject
Global
	GlobalSection(SolutionConfigurationPlatforms) = preSolution
		Debug|Any CPU = Debug|Any CPU
		Release|Any CPU = Release|Any CPU
	EndGlobalSection
	GlobalSection(ProjectConfigurationPlatforms) = postSolution
		{B533E580-E382-46BA-922E-988D3B6ED954}.Debug|Any CPU.ActiveCfg = Debug|Any CPU
		{B533E580-E382-46BA-922E-988D3B6ED954}.Debug|Any CPU.Build.0 = Debug|Any CPU
		{B533E580-E382-46BA-922E-988D3B6ED954}.Release|Any CPU.ActiveCfg = Release|Any CPU
		{B533E580-E382-46BA-922E-988D3B6ED954}.Release|Any CPU.Build.0 = Release|Any CPU
	EndGlobalSection
	GlobalSection(SolutionProperties) = preSolution
		HideSolutionNode = FALSE
	EndGlobalSection
	GlobalSection(ExtensibilityGlobals) = postSolution
		SolutionGuid = {E3463A50-4717-41D1-98E7-7EF1E6D8606A}
	EndGlobalSection
EndGlobal
